// !$*UTF8*$!
{
	archiveVersion = 1;
	classes = {
	};
	objectVersion = 46;
	objects = {

/* Begin PBXBuildFile section */
		1D60589F0D05DD5A006BFB54 /* Foundation.framework in Frameworks */ = {isa = PBXBuildFile; fileRef = 1D30AB110D05D00D00671497 /* Foundation.framework */; };
		1DF5F4E00D08C38300B7A737 /* UIKit.framework in Frameworks */ = {isa = PBXBuildFile; fileRef = 1DF5F4DF0D08C38300B7A737 /* UIKit.framework */; };
		288765A50DF7441C002DB57D /* CoreGraphics.framework in Frameworks */ = {isa = PBXBuildFile; fileRef = 288765A40DF7441C002DB57D /* CoreGraphics.framework */; };
		2CFCA79D1769EF9C0013ADB8 /* WEPopoverContainerView.m in Sources */ = {isa = PBXBuildFile; fileRef = 2CFCA7991769EF9C0013ADB8 /* WEPopoverContainerView.m */; };
		2CFCA79E1769EF9C0013ADB8 /* WEPopoverController.m in Sources */ = {isa = PBXBuildFile; fileRef = 2CFCA79B1769EF9C0013ADB8 /* WEPopoverController.m */; };
		2CFCA7A71769EFC80013ADB8 /* WEPopoverAppDelegate.m in Sources */ = {isa = PBXBuildFile; fileRef = 2CFCA7A01769EFC80013ADB8 /* WEPopoverAppDelegate.m */; };
		2CFCA7A81769EFC80013ADB8 /* WEPopoverContentViewController.m in Sources */ = {isa = PBXBuildFile; fileRef = 2CFCA7A21769EFC80013ADB8 /* WEPopoverContentViewController.m */; };
		2CFCA7A91769EFC80013ADB8 /* WEPopoverTableViewController.m in Sources */ = {isa = PBXBuildFile; fileRef = 2CFCA7A41769EFC80013ADB8 /* WEPopoverTableViewController.m */; };
		2CFCA7AA1769EFC80013ADB8 /* WEPopoverViewController.m in Sources */ = {isa = PBXBuildFile; fileRef = 2CFCA7A61769EFC80013ADB8 /* WEPopoverViewController.m */; };
		2CFCA7AD1769EFE60013ADB8 /* main.m in Sources */ = {isa = PBXBuildFile; fileRef = 2CFCA7AB1769EFE60013ADB8 /* main.m */; };
		2CFCA7BA1769F01B0013ADB8 /* popoverArrowDown.png in Resources */ = {isa = PBXBuildFile; fileRef = 2CFCA7B01769F01B0013ADB8 /* popoverArrowDown.png */; };
		2CFCA7BB1769F01B0013ADB8 /* popoverArrowDown@2x.png in Resources */ = {isa = PBXBuildFile; fileRef = 2CFCA7B11769F01B0013ADB8 /* popoverArrowDown@2x.png */; };
		2CFCA7BC1769F01B0013ADB8 /* popoverArrowLeft.png in Resources */ = {isa = PBXBuildFile; fileRef = 2CFCA7B21769F01B0013ADB8 /* popoverArrowLeft.png */; };
		2CFCA7BD1769F01B0013ADB8 /* popoverArrowLeft@2x.png in Resources */ = {isa = PBXBuildFile; fileRef = 2CFCA7B31769F01B0013ADB8 /* popoverArrowLeft@2x.png */; };
		2CFCA7BE1769F01B0013ADB8 /* popoverArrowRight.png in Resources */ = {isa = PBXBuildFile; fileRef = 2CFCA7B41769F01B0013ADB8 /* popoverArrowRight.png */; };
		2CFCA7BF1769F01B0013ADB8 /* popoverArrowRight@2x.png in Resources */ = {isa = PBXBuildFile; fileRef = 2CFCA7B51769F01B0013ADB8 /* popoverArrowRight@2x.png */; };
		2CFCA7C01769F01B0013ADB8 /* popoverArrowUp.png in Resources */ = {isa = PBXBuildFile; fileRef = 2CFCA7B61769F01B0013ADB8 /* popoverArrowUp.png */; };
		2CFCA7C11769F01B0013ADB8 /* popoverArrowUp@2x.png in Resources */ = {isa = PBXBuildFile; fileRef = 2CFCA7B71769F01B0013ADB8 /* popoverArrowUp@2x.png */; };
		2CFCA7C21769F01B0013ADB8 /* popoverBg.png in Resources */ = {isa = PBXBuildFile; fileRef = 2CFCA7B81769F01B0013ADB8 /* popoverBg.png */; };
		2CFCA7C31769F01B0013ADB8 /* popoverBg@2x.png in Resources */ = {isa = PBXBuildFile; fileRef = 2CFCA7B91769F01B0013ADB8 /* popoverBg@2x.png */; };
		2CFCA7C81769F0750013ADB8 /* MainWindow.xib in Resources */ = {isa = PBXBuildFile; fileRef = 2CFCA7C51769F0750013ADB8 /* MainWindow.xib */; };
		2CFCA7C91769F0750013ADB8 /* WEPopoverDemo-Info.plist in Resources */ = {isa = PBXBuildFile; fileRef = 2CFCA7C61769F0750013ADB8 /* WEPopoverDemo-Info.plist */; };
		2CFCA7CA1769F0750013ADB8 /* WEPopoverViewController.xib in Resources */ = {isa = PBXBuildFile; fileRef = 2CFCA7C71769F0750013ADB8 /* WEPopoverViewController.xib */; };
		2CFCA7CC1769F1020013ADB8 /* Default-568h@2x.png in Resources */ = {isa = PBXBuildFile; fileRef = 2CFCA7CB1769F1020013ADB8 /* Default-568h@2x.png */; };
/* End PBXBuildFile section */

/* Begin PBXFileReference section */
		1D30AB110D05D00D00671497 /* Foundation.framework */ = {isa = PBXFileReference; lastKnownFileType = wrapper.framework; name = Foundation.framework; path = System/Library/Frameworks/Foundation.framework; sourceTree = SDKROOT; };
		1D6058910D05DD3D006BFB54 /* WEPopoverDemo.app */ = {isa = PBXFileReference; explicitFileType = wrapper.application; includeInIndex = 0; path = WEPopoverDemo.app; sourceTree = BUILT_PRODUCTS_DIR; };
		1DF5F4DF0D08C38300B7A737 /* UIKit.framework */ = {isa = PBXFileReference; lastKnownFileType = wrapper.framework; name = UIKit.framework; path = System/Library/Frameworks/UIKit.framework; sourceTree = SDKROOT; };
		288765A40DF7441C002DB57D /* CoreGraphics.framework */ = {isa = PBXFileReference; lastKnownFileType = wrapper.framework; name = CoreGraphics.framework; path = System/Library/Frameworks/CoreGraphics.framework; sourceTree = SDKROOT; };
		2CFCA7981769EF9C0013ADB8 /* WEPopoverContainerView.h */ = {isa = PBXFileReference; fileEncoding = 4; lastKnownFileType = sourcecode.c.h; path = WEPopoverContainerView.h; sourceTree = "<group>"; };
		2CFCA7991769EF9C0013ADB8 /* WEPopoverContainerView.m */ = {isa = PBXFileReference; fileEncoding = 4; lastKnownFileType = sourcecode.c.objc; path = WEPopoverContainerView.m; sourceTree = "<group>"; };
		2CFCA79A1769EF9C0013ADB8 /* WEPopoverController.h */ = {isa = PBXFileReference; fileEncoding = 4; lastKnownFileType = sourcecode.c.h; path = WEPopoverController.h; sourceTree = "<group>"; };
		2CFCA79B1769EF9C0013ADB8 /* WEPopoverController.m */ = {isa = PBXFileReference; fileEncoding = 4; lastKnownFileType = sourcecode.c.objc; path = WEPopoverController.m; sourceTree = "<group>"; };
		2CFCA79C1769EF9C0013ADB8 /* WEPopoverParentView.h */ = {isa = PBXFileReference; fileEncoding = 4; lastKnownFileType = sourcecode.c.h; path = WEPopoverParentView.h; sourceTree = "<group>"; };
		2CFCA79F1769EFC80013ADB8 /* WEPopoverAppDelegate.h */ = {isa = PBXFileReference; fileEncoding = 4; lastKnownFileType = sourcecode.c.h; name = WEPopoverAppDelegate.h; path = Demo/Classes/WEPopoverAppDelegate.h; sourceTree = SOURCE_ROOT; };
		2CFCA7A01769EFC80013ADB8 /* WEPopoverAppDelegate.m */ = {isa = PBXFileReference; fileEncoding = 4; lastKnownFileType = sourcecode.c.objc; name = WEPopoverAppDelegate.m; path = Demo/Classes/WEPopoverAppDelegate.m; sourceTree = SOURCE_ROOT; };
		2CFCA7A11769EFC80013ADB8 /* WEPopoverContentViewController.h */ = {isa = PBXFileReference; fileEncoding = 4; lastKnownFileType = sourcecode.c.h; name = WEPopoverContentViewController.h; path = Demo/Classes/WEPopoverContentViewController.h; sourceTree = SOURCE_ROOT; };
		2CFCA7A21769EFC80013ADB8 /* WEPopoverContentViewController.m */ = {isa = PBXFileReference; fileEncoding = 4; lastKnownFileType = sourcecode.c.objc; name = WEPopoverContentViewController.m; path = Demo/Classes/WEPopoverContentViewController.m; sourceTree = SOURCE_ROOT; };
		2CFCA7A31769EFC80013ADB8 /* WEPopoverTableViewController.h */ = {isa = PBXFileReference; fileEncoding = 4; lastKnownFileType = sourcecode.c.h; name = WEPopoverTableViewController.h; path = Demo/Classes/WEPopoverTableViewController.h; sourceTree = SOURCE_ROOT; };
		2CFCA7A41769EFC80013ADB8 /* WEPopoverTableViewController.m */ = {isa = PBXFileReference; fileEncoding = 4; lastKnownFileType = sourcecode.c.objc; name = WEPopoverTableViewController.m; path = Demo/Classes/WEPopoverTableViewController.m; sourceTree = SOURCE_ROOT; };
		2CFCA7A51769EFC80013ADB8 /* WEPopoverViewController.h */ = {isa = PBXFileReference; fileEncoding = 4; lastKnownFileType = sourcecode.c.h; name = WEPopoverViewController.h; path = Demo/Classes/WEPopoverViewController.h; sourceTree = SOURCE_ROOT; };
		2CFCA7A61769EFC80013ADB8 /* WEPopoverViewController.m */ = {isa = PBXFileReference; fileEncoding = 4; lastKnownFileType = sourcecode.c.objc; name = WEPopoverViewController.m; path = Demo/Classes/WEPopoverViewController.m; sourceTree = SOURCE_ROOT; };
		2CFCA7AB1769EFE60013ADB8 /* main.m */ = {isa = PBXFileReference; fileEncoding = 4; lastKnownFileType = sourcecode.c.objc; name = main.m; path = Demo/main.m; sourceTree = "<group>"; };
		2CFCA7B01769F01B0013ADB8 /* popoverArrowDown.png */ = {isa = PBXFileReference; lastKnownFileType = image.png; path = popoverArrowDown.png; sourceTree = "<group>"; };
		2CFCA7B11769F01B0013ADB8 /* popoverArrowDown@2x.png */ = {isa = PBXFileReference; lastKnownFileType = image.png; path = "popoverArrowDown@2x.png"; sourceTree = "<group>"; };
		2CFCA7B21769F01B0013ADB8 /* popoverArrowLeft.png */ = {isa = PBXFileReference; lastKnownFileType = image.png; path = popoverArrowLeft.png; sourceTree = "<group>"; };
		2CFCA7B31769F01B0013ADB8 /* popoverArrowLeft@2x.png */ = {isa = PBXFileReference; lastKnownFileType = image.png; path = "popoverArrowLeft@2x.png"; sourceTree = "<group>"; };
		2CFCA7B41769F01B0013ADB8 /* popoverArrowRight.png */ = {isa = PBXFileReference; lastKnownFileType = image.png; path = popoverArrowRight.png; sourceTree = "<group>"; };
		2CFCA7B51769F01B0013ADB8 /* popoverArrowRight@2x.png */ = {isa = PBXFileReference; lastKnownFileType = image.png; path = "popoverArrowRight@2x.png"; sourceTree = "<group>"; };
		2CFCA7B61769F01B0013ADB8 /* popoverArrowUp.png */ = {isa = PBXFileReference; lastKnownFileType = image.png; path = popoverArrowUp.png; sourceTree = "<group>"; };
		2CFCA7B71769F01B0013ADB8 /* popoverArrowUp@2x.png */ = {isa = PBXFileReference; lastKnownFileType = image.png; path = "popoverArrowUp@2x.png"; sourceTree = "<group>"; };
		2CFCA7B81769F01B0013ADB8 /* popoverBg.png */ = {isa = PBXFileReference; lastKnownFileType = image.png; path = popoverBg.png; sourceTree = "<group>"; };
		2CFCA7B91769F01B0013ADB8 /* popoverBg@2x.png */ = {isa = PBXFileReference; lastKnownFileType = image.png; path = "popoverBg@2x.png"; sourceTree = "<group>"; };
		2CFCA7C41769F05F0013ADB8 /* WEPopoverDemo_Prefix.pch */ = {isa = PBXFileReference; fileEncoding = 4; lastKnownFileType = sourcecode.c.h; name = WEPopoverDemo_Prefix.pch; path = Demo/WEPopoverDemo_Prefix.pch; sourceTree = "<group>"; };
		2CFCA7C51769F0750013ADB8 /* MainWindow.xib */ = {isa = PBXFileReference; fileEncoding = 4; lastKnownFileType = file.xib; name = MainWindow.xib; path = Demo/MainWindow.xib; sourceTree = "<group>"; };
		2CFCA7C61769F0750013ADB8 /* WEPopoverDemo-Info.plist */ = {isa = PBXFileReference; fileEncoding = 4; lastKnownFileType = text.plist.xml; name = "WEPopoverDemo-Info.plist"; path = "Demo/WEPopoverDemo-Info.plist"; sourceTree = "<group>"; };
		2CFCA7C71769F0750013ADB8 /* WEPopoverViewController.xib */ = {isa = PBXFileReference; fileEncoding = 4; lastKnownFileType = file.xib; name = WEPopoverViewController.xib; path = Demo/WEPopoverViewController.xib; sourceTree = "<group>"; };
		2CFCA7CB1769F1020013ADB8 /* Default-568h@2x.png */ = {isa = PBXFileReference; lastKnownFileType = image.png; path = "Default-568h@2x.png"; sourceTree = "<group>"; };
		BD799F77136292B1007C948E /* Library-Prefix.pch */ = {isa = PBXFileReference; lastKnownFileType = sourcecode.c.h; path = "Library-Prefix.pch"; sourceTree = "<group>"; };
/* End PBXFileReference section */

/* Begin PBXFrameworksBuildPhase section */
		1D60588F0D05DD3D006BFB54 /* Frameworks */ = {
			isa = PBXFrameworksBuildPhase;
			buildActionMask = 2147483647;
			files = (
				1D60589F0D05DD5A006BFB54 /* Foundation.framework in Frameworks */,
				1DF5F4E00D08C38300B7A737 /* UIKit.framework in Frameworks */,
				288765A50DF7441C002DB57D /* CoreGraphics.framework in Frameworks */,
			);
			runOnlyForDeploymentPostprocessing = 0;
		};
/* End PBXFrameworksBuildPhase section */

/* Begin PBXGroup section */
		080E96DDFE201D6D7F000001 /* Classes */ = {
			isa = PBXGroup;
			children = (
				2CFCA79F1769EFC80013ADB8 /* WEPopoverAppDelegate.h */,
				2CFCA7A01769EFC80013ADB8 /* WEPopoverAppDelegate.m */,
				2CFCA7A11769EFC80013ADB8 /* WEPopoverContentViewController.h */,
				2CFCA7A21769EFC80013ADB8 /* WEPopoverContentViewController.m */,
				2CFCA7A31769EFC80013ADB8 /* WEPopoverTableViewController.h */,
				2CFCA7A41769EFC80013ADB8 /* WEPopoverTableViewController.m */,
				2CFCA7A51769EFC80013ADB8 /* WEPopoverViewController.h */,
				2CFCA7A61769EFC80013ADB8 /* WEPopoverViewController.m */,
			);
			path = Classes;
			sourceTree = "<group>";
		};
		19C28FACFE9D520D11CA2CBB /* Products */ = {
			isa = PBXGroup;
			children = (
				1D6058910D05DD3D006BFB54 /* WEPopoverDemo.app */,
			);
			name = Products;
			sourceTree = "<group>";
		};
		29B97314FDCFA39411CA2CEA /* CustomTemplate */ = {
			isa = PBXGroup;
			children = (
				2CFCA7CB1769F1020013ADB8 /* Default-568h@2x.png */,
				2CFCA7951769EF500013ADB8 /* WEPopover */,
				080E96DDFE201D6D7F000001 /* Classes */,
				29B97315FDCFA39411CA2CEA /* Other Sources */,
				29B97317FDCFA39411CA2CEA /* Resources */,
				BD799F75136292B0007C948E /* Library */,
				29B97323FDCFA39411CA2CEA /* Frameworks */,
				19C28FACFE9D520D11CA2CBB /* Products */,
			);
			name = CustomTemplate;
			sourceTree = "<group>";
		};
		29B97315FDCFA39411CA2CEA /* Other Sources */ = {
			isa = PBXGroup;
			children = (
				2CFCA7C41769F05F0013ADB8 /* WEPopoverDemo_Prefix.pch */,
				2CFCA7AB1769EFE60013ADB8 /* main.m */,
			);
			name = "Other Sources";
			sourceTree = "<group>";
		};
		29B97317FDCFA39411CA2CEA /* Resources */ = {
			isa = PBXGroup;
			children = (
				2CFCA7C51769F0750013ADB8 /* MainWindow.xib */,
				2CFCA7C61769F0750013ADB8 /* WEPopoverDemo-Info.plist */,
				2CFCA7C71769F0750013ADB8 /* WEPopoverViewController.xib */,
			);
			name = Resources;
			sourceTree = "<group>";
		};
		29B97323FDCFA39411CA2CEA /* Frameworks */ = {
			isa = PBXGroup;
			children = (
				1DF5F4DF0D08C38300B7A737 /* UIKit.framework */,
				1D30AB110D05D00D00671497 /* Foundation.framework */,
				288765A40DF7441C002DB57D /* CoreGraphics.framework */,
			);
			name = Frameworks;
			sourceTree = "<group>";
		};
		2CFCA7951769EF500013ADB8 /* WEPopover */ = {
			isa = PBXGroup;
			children = (
				2CFCA7AE1769F00F0013ADB8 /* Assets */,
				2CFCA7971769EF9C0013ADB8 /* Classes */,
			);
			name = WEPopover;
			sourceTree = "<group>";
		};
		2CFCA7971769EF9C0013ADB8 /* Classes */ = {
			isa = PBXGroup;
			children = (
				2CFCA7981769EF9C0013ADB8 /* WEPopoverContainerView.h */,
				2CFCA7991769EF9C0013ADB8 /* WEPopoverContainerView.m */,
				2CFCA79A1769EF9C0013ADB8 /* WEPopoverController.h */,
				2CFCA79B1769EF9C0013ADB8 /* WEPopoverController.m */,
				2CFCA79C1769EF9C0013ADB8 /* WEPopoverParentView.h */,
			);
			name = Classes;
			path = Component/Classes;
			sourceTree = "<group>";
		};
		2CFCA7AE1769F00F0013ADB8 /* Assets */ = {
			isa = PBXGroup;
			children = (
				2CFCA7AF1769F01B0013ADB8 /* Images */,
			);
			name = Assets;
			sourceTree = "<group>";
		};
		2CFCA7AF1769F01B0013ADB8 /* Images */ = {
			isa = PBXGroup;
			children = (
				2CFCA7B01769F01B0013ADB8 /* popoverArrowDown.png */,
				2CFCA7B11769F01B0013ADB8 /* popoverArrowDown@2x.png */,
				2CFCA7B21769F01B0013ADB8 /* popoverArrowLeft.png */,
				2CFCA7B31769F01B0013ADB8 /* popoverArrowLeft@2x.png */,
				2CFCA7B41769F01B0013ADB8 /* popoverArrowRight.png */,
				2CFCA7B51769F01B0013ADB8 /* popoverArrowRight@2x.png */,
				2CFCA7B61769F01B0013ADB8 /* popoverArrowUp.png */,
				2CFCA7B71769F01B0013ADB8 /* popoverArrowUp@2x.png */,
				2CFCA7B81769F01B0013ADB8 /* popoverBg.png */,
				2CFCA7B91769F01B0013ADB8 /* popoverBg@2x.png */,
			);
			name = Images;
			path = Component/Assets/Images;
			sourceTree = "<group>";
		};
		BD799F75136292B0007C948E /* Library */ = {
			isa = PBXGroup;
			children = (
				BD799F76136292B1007C948E /* Supporting Files */,
			);
			path = Library;
			sourceTree = "<group>";
		};
		BD799F76136292B1007C948E /* Supporting Files */ = {
			isa = PBXGroup;
			children = (
				BD799F77136292B1007C948E /* Library-Prefix.pch */,
			);
			name = "Supporting Files";
			sourceTree = "<group>";
		};
/* End PBXGroup section */

/* Begin PBXNativeTarget section */
		1D6058900D05DD3D006BFB54 /* WEPopoverDemo */ = {
			isa = PBXNativeTarget;
			buildConfigurationList = 1D6058960D05DD3E006BFB54 /* Build configuration list for PBXNativeTarget "WEPopoverDemo" */;
			buildPhases = (
				1D60588D0D05DD3D006BFB54 /* Resources */,
				1D60588E0D05DD3D006BFB54 /* Sources */,
				1D60588F0D05DD3D006BFB54 /* Frameworks */,
			);
			buildRules = (
			);
			dependencies = (
			);
			name = WEPopoverDemo;
			productName = WEPopover;
			productReference = 1D6058910D05DD3D006BFB54 /* WEPopoverDemo.app */;
			productType = "com.apple.product-type.application";
		};
/* End PBXNativeTarget section */

/* Begin PBXProject section */
		29B97313FDCFA39411CA2CEA /* Project object */ = {
			isa = PBXProject;
			attributes = {
				LastUpgradeCheck = 0430;
				ORGANIZATIONNAME = "Werner IT Consultancy";
			};
			buildConfigurationList = C01FCF4E08A954540054247B /* Build configuration list for PBXProject "WEPopoverDemo" */;
			compatibilityVersion = "Xcode 3.2";
			developmentRegion = English;
			hasScannedForEncodings = 1;
			knownRegions = (
				English,
				Japanese,
				French,
				German,
			);
			mainGroup = 29B97314FDCFA39411CA2CEA /* CustomTemplate */;
			projectDirPath = "";
			projectRoot = "";
			targets = (
				1D6058900D05DD3D006BFB54 /* WEPopoverDemo */,
			);
		};
/* End PBXProject section */

/* Begin PBXResourcesBuildPhase section */
		1D60588D0D05DD3D006BFB54 /* Resources */ = {
			isa = PBXResourcesBuildPhase;
			buildActionMask = 2147483647;
			files = (
				2CFCA7BA1769F01B0013ADB8 /* popoverArrowDown.png in Resources */,
				2CFCA7BB1769F01B0013ADB8 /* popoverArrowDown@2x.png in Resources */,
				2CFCA7BC1769F01B0013ADB8 /* popoverArrowLeft.png in Resources */,
				2CFCA7BD1769F01B0013ADB8 /* popoverArrowLeft@2x.png in Resources */,
				2CFCA7BE1769F01B0013ADB8 /* popoverArrowRight.png in Resources */,
				2CFCA7BF1769F01B0013ADB8 /* popoverArrowRight@2x.png in Resources */,
				2CFCA7C01769F01B0013ADB8 /* popoverArrowUp.png in Resources */,
				2CFCA7C11769F01B0013ADB8 /* popoverArrowUp@2x.png in Resources */,
				2CFCA7C21769F01B0013ADB8 /* popoverBg.png in Resources */,
				2CFCA7C31769F01B0013ADB8 /* popoverBg@2x.png in Resources */,
				2CFCA7C81769F0750013ADB8 /* MainWindow.xib in Resources */,
				2CFCA7C91769F0750013ADB8 /* WEPopoverDemo-Info.plist in Resources */,
				2CFCA7CA1769F0750013ADB8 /* WEPopoverViewController.xib in Resources */,
				2CFCA7CC1769F1020013ADB8 /* Default-568h@2x.png in Resources */,
			);
			runOnlyForDeploymentPostprocessing = 0;
		};
/* End PBXResourcesBuildPhase section */

/* Begin PBXSourcesBuildPhase section */
		1D60588E0D05DD3D006BFB54 /* Sources */ = {
			isa = PBXSourcesBuildPhase;
			buildActionMask = 2147483647;
			files = (
				2CFCA79D1769EF9C0013ADB8 /* WEPopoverContainerView.m in Sources */,
				2CFCA79E1769EF9C0013ADB8 /* WEPopoverController.m in Sources */,
				2CFCA7A71769EFC80013ADB8 /* WEPopoverAppDelegate.m in Sources */,
				2CFCA7A81769EFC80013ADB8 /* WEPopoverContentViewController.m in Sources */,
				2CFCA7A91769EFC80013ADB8 /* WEPopoverTableViewController.m in Sources */,
				2CFCA7AA1769EFC80013ADB8 /* WEPopoverViewController.m in Sources */,
				2CFCA7AD1769EFE60013ADB8 /* main.m in Sources */,
			);
			runOnlyForDeploymentPostprocessing = 0;
		};
/* End PBXSourcesBuildPhase section */

/* Begin XCBuildConfiguration section */
		1D6058940D05DD3E006BFB54 /* Debug */ = {
			isa = XCBuildConfiguration;
			buildSettings = {
				ALWAYS_SEARCH_USER_PATHS = NO;
				CLANG_ENABLE_OBJC_ARC = YES;
				COPY_PHASE_STRIP = NO;
				GCC_DYNAMIC_NO_PIC = NO;
				GCC_OPTIMIZATION_LEVEL = 0;
				GCC_PRECOMPILE_PREFIX_HEADER = YES;
				GCC_PREFIX_HEADER = Demo/WEPopoverDemo_Prefix.pch;
				GCC_VERSION = "";
				INFOPLIST_FILE = "$(SRCROOT)/Demo/WEPopoverDemo-Info.plist";
				IPHONEOS_DEPLOYMENT_TARGET = 5.0;
				PRODUCT_NAME = WEPopoverDemo;
			};
			name = Debug;
		};
		1D6058950D05DD3E006BFB54 /* Release */ = {
			isa = XCBuildConfiguration;
			buildSettings = {
				ALWAYS_SEARCH_USER_PATHS = NO;
				CLANG_ENABLE_OBJC_ARC = YES;
				COPY_PHASE_STRIP = YES;
				GCC_PRECOMPILE_PREFIX_HEADER = YES;
				GCC_PREFIX_HEADER = Demo/WEPopoverDemo_Prefix.pch;
				GCC_VERSION = "";
				INFOPLIST_FILE = "$(SRCROOT)/Demo/WEPopoverDemo-Info.plist";
				IPHONEOS_DEPLOYMENT_TARGET = 5.0;
				PRODUCT_NAME = WEPopoverDemo;
				VALIDATE_PRODUCT = YES;
			};
			name = Release;
		};
		C01FCF4F08A954540054247B /* Debug */ = {
			isa = XCBuildConfiguration;
			buildSettings = {
				ARCHS = "$(ARCHS_STANDARD_32_BIT)";
				"CODE_SIGN_IDENTITY[sdk=iphoneos*]" = "iPhone Developer";
				GCC_C_LANGUAGE_STANDARD = c99;
				GCC_WARN_ABOUT_RETURN_TYPE = YES;
				GCC_WARN_UNUSED_VARIABLE = YES;
				IPHONEOS_DEPLOYMENT_TARGET = 3.2;
				"PROVISIONING_PROFILE[sdk=iphoneos*]" = "";
				SDKROOT = iphoneos;
				TARGETED_DEVICE_FAMILY = "1,2";
			};
			name = Debug;
		};
		C01FCF5008A954540054247B /* Release */ = {
			isa = XCBuildConfiguration;
			buildSettings = {
				ARCHS = "$(ARCHS_STANDARD_32_BIT)";
				"CODE_SIGN_IDENTITY[sdk=iphoneos*]" = "iPhone Developer";
				GCC_C_LANGUAGE_STANDARD = c99;
				GCC_WARN_ABOUT_RETURN_TYPE = YES;
				GCC_WARN_UNUSED_VARIABLE = YES;
				IPHONEOS_DEPLOYMENT_TARGET = 3.2;
				OTHER_CFLAGS = "-DNS_BLOCK_ASSERTIONS=1";
				SDKROOT = iphoneos;
				TARGETED_DEVICE_FAMILY = "1,2";
			};
			name = Release;
		};
/* End XCBuildConfiguration section */

/* Begin XCConfigurationList section */
		1D6058960D05DD3E006BFB54 /* Build configuration list for PBXNativeTarget "WEPopoverDemo" */ = {
			isa = XCConfigurationList;
			buildConfigurations = (
				1D6058940D05DD3E006BFB54 /* Debug */,
				1D6058950D05DD3E006BFB54 /* Release */,
			);
			defaultConfigurationIsVisible = 0;
			defaultConfigurationName = Release;
		};
		C01FCF4E08A954540054247B /* Build configuration list for PBXProject "WEPopoverDemo" */ = {
			isa = XCConfigurationList;
			buildConfigurations = (
				C01FCF4F08A954540054247B /* Debug */,
				C01FCF5008A954540054247B /* Release */,
			);
			defaultConfigurationIsVisible = 0;
			defaultConfigurationName = Release;
		};
/* End XCConfigurationList section */
	};
	rootObject = 29B97313FDCFA39411CA2CEA /* Project object */;
}
